
Microsoft Visual Studio Solution File, Format Version 12.00
Project("{FAE04EC0-301F-11D3-BF4B-00C04F79EFBC}") = "MovieStore.WebApi", "MovieStore.WebApi\MovieStore.WebApi.csproj", "{5DA67F96-B53D-4E87-A116-0F05F5771C09}"
EndProject
Project("{FAE04EC0-301F-11D3-BF4B-00C04F79EFBC}") = "MovieStore.Business", "MovieStore.Business\MovieStore.Business.csproj", "{C2CB574D-55D0-4B3B-A6D0-92253C69FEDC}"
EndProject
Project("{FAE04EC0-301F-11D3-BF4B-00C04F79EFBC}") = "MovieStore.Schema", "MovieStore.Schema\MovieStore.Schema.csproj", "{217E2D8F-3F28-4EA5-B65A-AA4780166C12}"
EndProject
Project("{FAE04EC0-301F-11D3-BF4B-00C04F79EFBC}") = "MovieStore.Data", "MovieStore.Data\MovieStore.Data.csproj", "{D93D4D35-1A14-400B-8FC5-FC42FD08F8B2}"
EndProject
Project("{FAE04EC0-301F-11D3-BF4B-00C04F79EFBC}") = "MovieStore.Base", "MovieStore.Base\MovieStore.Base.csproj", "{DD23E150-4643-4497-BB6E-D6E3046A41E1}"
EndProject
Global
	GlobalSection(SolutionConfigurationPlatforms) = preSolution
		Debug|Any CPU = Debug|Any CPU
		Release|Any CPU = Release|Any CPU
	EndGlobalSection
	GlobalSection(ProjectConfigurationPlatforms) = postSolution
		{5DA67F96-B53D-4E87-A116-0F05F5771C09}.Debug|Any CPU.ActiveCfg = Debug|Any CPU
		{5DA67F96-B53D-4E87-A116-0F05F5771C09}.Debug|Any CPU.Build.0 = Debug|Any CPU
		{5DA67F96-B53D-4E87-A116-0F05F5771C09}.Release|Any CPU.ActiveCfg = Release|Any CPU
		{5DA67F96-B53D-4E87-A116-0F05F5771C09}.Release|Any CPU.Build.0 = Release|Any CPU
		{C2CB574D-55D0-4B3B-A6D0-92253C69FEDC}.Debug|Any CPU.ActiveCfg = Debug|Any CPU
		{C2CB574D-55D0-4B3B-A6D0-92253C69FEDC}.Debug|Any CPU.Build.0 = Debug|Any CPU
		{C2CB574D-55D0-4B3B-A6D0-92253C69FEDC}.Release|Any CPU.ActiveCfg = Release|Any CPU
		{C2CB574D-55D0-4B3B-A6D0-92253C69FEDC}.Release|Any CPU.Build.0 = Release|Any CPU
		{217E2D8F-3F28-4EA5-B65A-AA4780166C12}.Debug|Any CPU.ActiveCfg = Debug|Any CPU
		{217E2D8F-3F28-4EA5-B65A-AA4780166C12}.Debug|Any CPU.Build.0 = Debug|Any CPU
		{217E2D8F-3F28-4EA5-B65A-AA4780166C12}.Release|Any CPU.ActiveCfg = Release|Any CPU
		{217E2D8F-3F28-4EA5-B65A-AA4780166C12}.Release|Any CPU.Build.0 = Release|Any CPU
		{D93D4D35-1A14-400B-8FC5-FC42FD08F8B2}.Debug|Any CPU.ActiveCfg = Debug|Any CPU
		{D93D4D35-1A14-400B-8FC5-FC42FD08F8B2}.Debug|Any CPU.Build.0 = Debug|Any CPU
		{D93D4D35-1A14-400B-8FC5-FC42FD08F8B2}.Release|Any CPU.ActiveCfg = Release|Any CPU
		{D93D4D35-1A14-400B-8FC5-FC42FD08F8B2}.Release|Any CPU.Build.0 = Release|Any CPU
		{DD23E150-4643-4497-BB6E-D6E3046A41E1}.Debug|Any CPU.ActiveCfg = Debug|Any CPU
		{DD23E150-4643-4497-BB6E-D6E3046A41E1}.Debug|Any CPU.Build.0 = Debug|Any CPU
		{DD23E150-4643-4497-BB6E-D6E3046A41E1}.Release|Any CPU.ActiveCfg = Release|Any CPU
		{DD23E150-4643-4497-BB6E-D6E3046A41E1}.Release|Any CPU.Build.0 = Release|Any CPU
	EndGlobalSection
EndGlobal
